lockfileVersion: '9.0'

settings:
  autoInstallPeers: true
  excludeLinksFromLockfile: false

importers:

  .:
    dependencies:
      ws:
        specifier: 8.18.3
        version: 8.18.3
    devDependencies:
      playwright:
        specifier: 1.55.1
        version: 1.55.1

packages:

  fsevents@2.3.2:
    resolution: {integrity: sha512-xiqMQR4xAeHTuB9uWm+fFRcIOgKBMiOBP+eXiyT7jsgVCq1bkVygt00oASowB7EdtpOHaaPgKt812P9ab+DDKA==}
    engines: {node: ^8.16.0 || ^10.6.0 || >=11.0.0}
    os: [darwin]

  playwright-core@1.55.1:
    resolution: {integrity: sha512-Z6Mh9mkwX+zxSlHqdr5AOcJnfp+xUWLCt9uKV18fhzA8eyxUd8NUWzAjxUh55RZKSYwDGX0cfaySdhZJGMoJ+w==}
    engines: {node: '>=18'}
    hasBin: true

  playwright@1.55.1:
    resolution: {integrity: sha512-cJW4Xd/G3v5ovXtJJ52MAOclqeac9S/aGGgRzLabuF8TnIb6xHvMzKIa6JmrRzUkeXJgfL1MhukP0NK6l39h3A==}
    engines: {node: '>=18'}
    hasBin: true

  ws@8.18.3:
    resolution: {integrity: sha512-PEIGCY5tSlUt50cqyMXfCzX+oOPqN0vuGqWzbcJ2xvnkzkq46oOpz7dQaTDBdfICb4N14+GARUDw2XV2N4tvzg==}
    engines: {node: '>=10.0.0'}
    peerDependencies:
      bufferutil: ^4.0.1
      utf-8-validate: '>=5.0.2'
    peerDependenciesMeta:
      bufferutil:
        optional: true
      utf-8-validate:
        optional: true

snapshots:

  fsevents@2.3.2:
    optional: true

  playwright-core@1.55.1: {}

  playwright@1.55.1:
    dependencies:
      playwright-core: 1.55.1
    optionalDependencies:
      fsevents: 2.3.2

  ws@8.18.3: {}
